<?xml version="1.0" encoding="UTF-8"?>
<CONFIG>
  <ProjectOptions>
    <Version Value="9"/>
    <PathDelim Value="\"/>
    <General>
      <Flags>
        <SaveClosedFiles Value="False"/>
        <MainUnitHasCreateFormStatements Value="False"/>
        <MainUnitHasTitleStatement Value="False"/>
        <LRSInOutputDirectory Value="False"/>
        <SaveJumpHistory Value="False"/>
        <SaveFoldState Value="False"/>
      </Flags>
      <MainUnit Value="0"/>
      <Title Value="fpgui"/>
      <UseAppBundle Value="False"/>
      <ResourceType Value="res"/>
    </General>
    <i18n>
      <EnableI18N LFM="False"/>
    </i18n>
    <VersionInfo>
      <StringTable ProductVersion=""/>
    </VersionInfo>
    <BuildModes Count="1" Active="Default">
      <Item1 Name="Default" Default="True"/>
    </BuildModes>
    <PublishOptions>
      <Version Value="2"/>
      <IncludeFileFilter Value="*.(pas|pp|inc|lfm|lpr|lrs|lpi|lpk|sh|xml)"/>
      <ExcludeFileFilter Value="*.(bak|ppu|o|so);*~;backup"/>
    </PublishOptions>
    <RunParams>
      <local>
        <FormatVersion Value="1"/>
        <LaunchingApplication PathPlusParams="\usr\X11R6\bin\xterm -T 'Lazarus Run Output' -e $(LazarusDir)\tools\runwait.sh $(TargetCmdLine)"/>
      </local>
    </RunParams>
    <RequiredPackages Count="1">
      <Item1>
        <PackageName Value="fpgui_toolkit"/>
      </Item1>
    </RequiredPackages>
    <Units Count="8">
      <Unit0>
        <Filename Value="fpgui.pas"/>
        <IsPartOfProject Value="True"/>
        <UnitName Value="fpgui"/>
        <IsVisibleTab Value="True"/>
        <TopLine Value="26"/>
        <CursorPos X="16" Y="36"/>
        <UsageCount Value="108"/>
        <Loaded Value="True"/>
      </Unit0>
      <Unit1>
        <Filename Value="fpgui_h.pas"/>
        <UnitName Value="fpgui_h"/>
        <EditorIndex Value="6"/>
        <CursorPos X="13"/>
        <UsageCount Value="50"/>
        <Loaded Value="True"/>
      </Unit1>
      <Unit2>
        <Filename Value="fpglib_class.pas"/>
        <UnitName Value="fpglib_class"/>
        <EditorIndex Value="7"/>
        <TopLine Value="87"/>
        <CursorPos X="2" Y="88"/>
        <UsageCount Value="44"/>
        <Loaded Value="True"/>
      </Unit2>
      <Unit3>
        <Filename Value="mystyle.pas"/>
        <UnitName Value="mystyle"/>
        <EditorIndex Value="5"/>
        <TopLine Value="35"/>
        <CursorPos Y="36"/>
        <UsageCount Value="30"/>
        <Loaded Value="True"/>
      </Unit3>
      <Unit4>
        <Filename Value="jni.pas"/>
        <UnitName Value="jni"/>
        <EditorIndex Value="4"/>
        <TopLine Value="231"/>
        <CursorPos X="99" Y="238"/>
        <UsageCount Value="28"/>
        <Loaded Value="True"/>
      </Unit4>
      <Unit5>
        <Filename Value="sakfpg.pas"/>
        <UnitName Value="sakfpg"/>
        <EditorIndex Value="3"/>
        <CursorPos X="88" Y="80"/>
        <UsageCount Value="13"/>
        <Loaded Value="True"/>
      </Unit5>
      <Unit6>
        <Filename Value="..\..\fpGUI-develop\src\gui\fpg_form.pas"/>
        <UnitName Value="fpg_form"/>
        <EditorIndex Value="1"/>
        <TopLine Value="27"/>
        <CursorPos X="36" Y="34"/>
        <UsageCount Value="10"/>
        <Loaded Value="True"/>
      </Unit6>
      <Unit7>
        <Filename Value="..\..\fpGUI-develop\src\corelib\fpg_base.pas"/>
        <UnitName Value="fpg_base"/>
        <EditorIndex Value="2"/>
        <TopLine Value="23"/>
        <CursorPos X="2" Y="23"/>
        <UsageCount Value="10"/>
        <Loaded Value="True"/>
      </Unit7>
    </Units>
  </ProjectOptions>
  <CompilerOptions>
    <Version Value="11"/>
    <PathDelim Value="\"/>
    <Target>
      <Filename Value="fpgui"/>
    </Target>
    <SearchPaths>
      <IncludeFiles Value="$(ProjOutDir)"/>
      <UnitOutputDirectory Value="units"/>
    </SearchPaths>
    <CodeGeneration>
      <SmartLinkUnit Value="True"/>
      <RelocatableUnit Value="True"/>
      <Optimizations>
        <OptimizationLevel Value="0"/>
      </Optimizations>
    </CodeGeneration>
    <Linking>
      <Debugging>
        <GenerateDebugInfo Value="False"/>
        <StripSymbols Value="True"/>
      </Debugging>
      <LinkSmart Value="True"/>
      <Options>
        <ExecutableType Value="Library"/>
      </Options>
    </Linking>
    <Other>
      <WriteFPCLogo Value="False"/>
      <ConfigFile>
        <CustomConfigFile Value="True"/>
      </ConfigFile>
    </Other>
  </CompilerOptions>
  <Debugging>
    <BreakPoints Count="1">
      <Item1>
        <Kind Value="bpkData"/>
        <WatchData Value="procedure"/>
        <WatchScope Value="wpsGlobal"/>
        <WatchKind Value="wpkWrite"/>
      </Item1>
    </BreakPoints>
    <Exceptions Count="3">
      <Item1>
        <Name Value="EAbort"/>
      </Item1>
      <Item2>
        <Name Value="ECodetoolError"/>
      </Item2>
      <Item3>
        <Name Value="EFOpenError"/>
      </Item3>
    </Exceptions>
  </Debugging>
</CONFIG>